
Microsoft Visual Studio Solution File, Format Version 12.00
# Visual Studio Version 17
VisualStudioVersion = 17.4.33205.214
MinimumVisualStudioVersion = 10.0.40219.1
Project("{FAE04EC0-301F-11D3-BF4B-00C04F79EFBC}") = "dz 3.14.23", "dz 3.14.23\dz 3.14.23.csproj", "{7EF18602-2D23-44A5-8970-EB8064DD3D33}"
EndProject
Global
	GlobalSection(SolutionConfigurationPlatforms) = preSolution
		Debug|Any CPU = Debug|Any CPU
		Release|Any CPU = Release|Any CPU
	EndGlobalSection
	GlobalSection(ProjectConfigurationPlatforms) = postSolution
		{7EF18602-2D23-44A5-8970-EB8064DD3D33}.Debug|Any CPU.ActiveCfg = Debug|Any CPU
		{7EF18602-2D23-44A5-8970-EB8064DD3D33}.Debug|Any CPU.Build.0 = Debug|Any CPU
		{7EF18602-2D23-44A5-8970-EB8064DD3D33}.Release|Any CPU.ActiveCfg = Release|Any CPU
		{7EF18602-2D23-44A5-8970-EB8064DD3D33}.Release|Any CPU.Build.0 = Release|Any CPU
	EndGlobalSection
	GlobalSection(SolutionProperties) = preSolution
		HideSolutionNode = FALSE
	EndGlobalSection
	GlobalSection(ExtensibilityGlobals) = postSolution
		SolutionGuid = {AE9873A7-FB2D-45F8-A9AE-741F013DF275}
	EndGlobalSection
EndGlobal
